lockfileVersion: '9.0'

settings:
  autoInstallPeers: true
  excludeLinksFromLockfile: false

importers:

  .:
    devDependencies:
      '@aws-sdk/client-sesv2':
        specifier: ^3.1053.0
        version: 3.1053.0
      '@types/node':
        specifier: ^22.10.0
        version: 22.19.19
      '@types/nodemailer':
        specifier: ^6.4.0
        version: 6.4.23
      nodemailer:
        specifier: ^6.9.0
        version: 6.10.1
      resend:
        specifier: ^4.0.0
        version: 4.8.0(react-dom@19.2.6(react@19.2.6))(react@19.2.6)
      typescript:
        specifier: ^5.9.0
        version: 5.9.3
      vitest:
        specifier: ^4.0.0
        version: 4.1.7(@types/node@22.19.19)(vite@8.0.14(@types/node@22.19.19))

packages:

  '@aws-crypto/crc32@5.2.0':
    resolution: {integrity: sha512-nLbCWqQNgUiwwtFsen1AdzAtvuLRsQS8rYgMuxCrdKf9kOssamGLuPwyTY9wyYblNr9+1XM8v6zoDTPPSIeANg==}
    engines: {node: '>=16.0.0'}

  '@aws-crypto/sha256-browser@5.2.0':
    resolution: {integrity: sha512-AXfN/lGotSQwu6HNcEsIASo7kWXZ5HYWvfOmSNKDsEqC4OashTp8alTmaz+F7TC2L083SFv5RdB+qU3Vs1kZqw==}

  '@aws-crypto/sha256-js@5.2.0':
    resolution: {integrity: sha512-FFQQyu7edu4ufvIZ+OadFpHHOt+eSTBaYaki44c+akjg7qZg9oOQeLlk77F6tSYqjDAFClrHJk9tMf0HdVyOvA==}
    engines: {node: '>=16.0.0'}

  '@aws-crypto/supports-web-crypto@5.2.0':
    resolution: {integrity: sha512-iAvUotm021kM33eCdNfwIN//F77/IADDSs58i+MDaOqFrVjZo9bAal0NK7HurRuWLLpF1iLX7gbWrjHjeo+YFg==}

  '@aws-crypto/util@5.2.0':
    resolution: {integrity: sha512-4RkU9EsI6ZpBve5fseQlGNUWKMa1RLPQ1dnjnQoe07ldfIzcsGb5hC5W0Dm7u423KWzawlrpbjXBrXCEv9zazQ==}

  '@aws-sdk/client-sesv2@3.1053.0':
    resolution: {integrity: sha512-I7FLyoQtf6Jv4fC++1DavM/HVknyb4Un8V5/uuVMd3AlvfsuprcPF0iLYce3bFjjoKKg8H2lC9uXKAPjwwgsqw==}
    engines: {node: '>=20.0.0'}

  '@aws-sdk/core@3.974.13':
    resolution: {integrity: sha512-+Y5/4tHki0uYgyx8eun146DegRVQBpdKGK5RbV0FTKJPpaKTchvqVxrrRFK6Wk0JksO4iAZKw3eqxGEIwtO98w==}
    engines: {node: '>=20.0.0'}

  '@aws-sdk/credential-provider-env@3.972.39':
    resolution: {integrity: sha512-29wX9zpAvEt1vcj0psha+y6ygBHy2V/S72mp6e7q0KARLWXq+pwE/lR6qGkwknQvruh52lXvlqZIga8Hdxkucw==}
    engines: {node: '>=20.0.0'}

  '@aws-sdk/credential-provider-http@3.972.41':
    resolution: {integrity: sha512-IA3CQTjtJkb6u1H4mE4936c8OPBMa9Jggtwe8U2Mqw/vvb/tZ5Ebd0mcZcX0uKWQhOyYo/+qNIwkV5Xh+FeJJA==}
    engines: {node: '>=20.0.0'}

  '@aws-sdk/credential-provider-ini@3.972.43':
    resolution: {integrity: sha512-4mzII+3mZEVXXE1xzrLQrCJL7/r62A63bA6SVzZoNL5rqCJghpf+xgGltVrIBBs0n+mOZBKrQl2tRREtvZ5l6A==}
    engines: {node: '>=20.0.0'}

  '@aws-sdk/credential-provider-login@3.972.43':
    resolution: {integrity: sha512-HG7kQCwXtbv3oBV61Ins0oNX8KKyvrMqqRkb6ZiAfQHbMuHaiNaEb2KnpKLPkNpqImSBK82UkVE/kaY6IfWikA==}
    engines: {node: '>=20.0.0'}

  '@aws-sdk/credential-provider-node@3.972.44':
    resolution: {integrity: sha512-sDaBIT0yrNNIPfvlsiTCmANm07zKju+ipWODjEXgZlsjMeIJR3LVp7RDyAOzUoAsTbDfYKDWp+i5WrFiQP6rmQ==}
    engines: {node: '>=20.0.0'}

  '@aws-sdk/credential-provider-process@3.972.39':
    resolution: {integrity: sha512-2k/amBifLd75eXNwgvPw/2lKYSQ3NhvHQgkVKVjfUq13/eJ3JRtHmznuFenn74OK3sSfp4SMy1YB2w+UVXoKqA==}
    engines: {node: '>=20.0.0'}

  '@aws-sdk/credential-provider-sso@3.972.43':
    resolution: {integrity: sha512-LPc3+Y4vhH1T4x6CMqwCM6hk5+SRf/Lwmgm8INm95wxTtIRHcMwQUVkDzWu4Iw/RSncxYM2BC01OrYbxOPZvyg==}
    engines: {node: '>=20.0.0'}

  '@aws-sdk/credential-provider-web-identity@3.972.43':
    resolution: {integrity: sha512-wQtL34lUD/09VXjwAUo2T+I3aEXRDxMB3DKmTJL/Zj0Gi6sLDTrVhae1XVt01yzkquOWajI/sZW72JGDZ1ciTw==}
    engines: {node: '>=20.0.0'}

  '@aws-sdk/nested-clients@3.997.11':
    resolution: {integrity: sha512-nWXXJ1r/r8N2Gw1pWolRgED38/A9A8DHR2ETWIv220zh4PZHcybbR4hUVWWktmNXTRHzDJwRluapHn0rZxuoqA==}
    engines: {node: '>=20.0.0'}

  '@aws-sdk/signature-v4-multi-region@3.996.28':
    resolution: {integrity: sha512-qs9z5LqXO/CZC2Lg9SGKpoLU8Rhi+m2pFKZqfO9pytX1clc0katqtsDNupJxFy0xT9wsZSPzM2v1y+/H/zfp5Q==}
    engines: {node: '>=20.0.0'}

  '@aws-sdk/token-providers@3.1052.0':
    resolution: {integrity: sha512-QqZNB3so7UIDxZtroc85TQaLVxdZRFm0eWM1CSR2N+b06as9TOrilvrlTZuj3guYlxMs6yLOgGxnklJ5qMYtTw==}
    engines: {node: '>=20.0.0'}

  '@aws-sdk/types@3.973.9':
    resolution: {integrity: sha512-kuBfgQVdcz5Bmapc4A13YbpVw/pXkesfhetcFYwbntqas8sF41OHyd4o28+/TG2ZQdHBsv90Lsu5y6oitvYCdg==}
    engines: {node: '>=20.0.0'}

  '@aws-sdk/util-locate-window@3.965.5':
    resolution: {integrity: sha512-WhlJNNINQB+9qtLtZJcpQdgZw3SCDCpXdUJP7cToGwHbCWCnRckGlc6Bx/OhWwIYFNAn+FIydY8SZ0QmVu3xTQ==}
    engines: {node: '>=20.0.0'}

  '@aws-sdk/xml-builder@3.972.25':
    resolution: {integrity: sha512-GH+Kjz4nPKWKHnsiQpnhP1MJdTGIcK4rAka6tzakgjjUkVgNsmPeEbbRAf09SzS1hjGu6duGHCBsxYke0BhHjQ==}
    engines: {node: '>=20.0.0'}

  '@aws/lambda-invoke-store@0.2.4':
    resolution: {integrity: sha512-iY8yvjE0y651BixKNPgmv1WrQc+GZ142sb0z4gYnChDDY2YqI4P/jsSopBWrKfAt7LOJAkOXt7rC/hms+WclQQ==}
    engines: {node: '>=18.0.0'}

  '@emnapi/core@1.10.0':
    resolution: {integrity: sha512-yq6OkJ4p82CAfPl0u9mQebQHKPJkY7WrIuk205cTYnYe+k2Z8YBh11FrbRG/H6ihirqcacOgl2BIO8oyMQLeXw==}

  '@emnapi/runtime@1.10.0':
    resolution: {integrity: sha512-ewvYlk86xUoGI0zQRNq/mC+16R1QeDlKQy21Ki3oSYXNgLb45GV1P6A0M+/s6nyCuNDqe5VpaY84BzXGwVbwFA==}

  '@emnapi/wasi-threads@1.2.1':
    resolution: {integrity: sha512-uTII7OYF+/Mes/MrcIOYp5yOtSMLBWSIoLPpcgwipoiKbli6k322tcoFsxoIIxPDqW01SQGAgko4EzZi2BNv2w==}

  '@jridgewell/sourcemap-codec@1.5.5':
    resolution: {integrity: sha512-cYQ9310grqxueWbl+WuIUIaiUaDcj7WOq5fVhEljNVgRfOUhY9fy2zTvfoqWsnebh8Sl70VScFbICvJnLKB0Og==}

  '@napi-rs/wasm-runtime@1.1.4':
    resolution: {integrity: sha512-3NQNNgA1YSlJb/kMH1ildASP9HW7/7kYnRI2szWJaofaS1hWmbGI4H+d3+22aGzXXN9IJ+n+GiFVcGipJP18ow==}
    peerDependencies:
      '@emnapi/core': ^1.7.1
      '@emnapi/runtime': ^1.7.1

  '@nodable/entities@2.1.0':
    resolution: {integrity: sha512-nyT7T3nbMyBI/lvr6L5TyWbFJAI9FTgVRakNoBqCD+PmID8DzFrrNdLLtHMwMszOtqZa8PAOV24ZqDnQrhQINA==}

  '@oxc-project/types@0.132.0':
    resolution: {integrity: sha512-FESMOxil5Se014ui/Eq8fT5uHJo6nIRwH0PfJrZJXs6Gek3ZVFOrpUv3YIZT20m+extU98Hg1Ym72U58rlsxUQ==}

  '@react-email/render@1.1.2':
    resolution: {integrity: sha512-RnRehYN3v9gVlNMehHPHhyp2RQo7+pSkHDtXPvg3s0GbzM9SQMW4Qrf8GRNvtpLC4gsI+Wt0VatNRUFqjvevbw==}
    engines: {node: '>=18.0.0'}
    peerDependencies:
      react: ^18.0 || ^19.0 || ^19.0.0-rc
      react-dom: ^18.0 || ^19.0 || ^19.0.0-rc

  '@rolldown/binding-android-arm64@1.0.2':
    resolution: {integrity: sha512-ZS4D1JPGn/MYQN/SYDWftIE/nVsM8j/AFOYEzAoOE2O3NktQOZru+/vYXGbR/qtdLdIfGCP0lcoJiYVzsEz+iQ==}
    engines: {node: ^20.19.0 || >=22.12.0}
    cpu: [arm64]
    os: [android]

  '@rolldown/binding-darwin-arm64@1.0.2':
    resolution: {integrity: sha512-vdFA9+C/rekyGce7WqHs/xoT0ioZEWaOFyZLIV1mEeNFaFDUQrPIo8Vs2GvJ6eetb3rzDUtUBgzto3ExpXJB3w==}
    engines: {node: ^20.19.0 || >=22.12.0}
    cpu: [arm64]
    os: [darwin]

  '@rolldown/binding-darwin-x64@1.0.2':
    resolution: {integrity: sha512-BewSOwTHazv77DTYiAZXSqqKZ4KP/KonFisDMVU7PImxoWfB2aepnPhd2E4SWz3zDzYgDNbs6jBmTdgNnF02GA==}
    engines: {node: ^20.19.0 || >=22.12.0}
    cpu: [x64]
    os: [darwin]

  '@rolldown/binding-freebsd-x64@1.0.2':
    resolution: {integrity: sha512-m41o7M0YWtUdqk61Tb+jnKb2rN++iRdIASlExkUoKfIAH30DOHCB8fVLzSUpbWHHU8esmEioY62PxzexE8MBuA==}
    engines: {node: ^20.19.0 || >=22.12.0}
    cpu: [x64]
    os: [freebsd]

  '@rolldown/binding-linux-arm-gnueabihf@1.0.2':
    resolution: {integrity: sha512-jcojB9H7W/jS29pMKWAK1N+fU99vXodHDTatS3b3y/XSOCiHo0kkA74pL3jJmkoQtYpOCxDvaKs1fo2Ij/1X5w==}
    engines: {node: ^20.19.0 || >=22.12.0}
    cpu: [arm]
    os: [linux]

  '@rolldown/binding-linux-arm64-gnu@1.0.2':
    resolution: {integrity: sha512-1jn6qDU5iiOgFgygDzKUuKP0maTi0/f1+sBLgvij/76C77Nm3ts6ufz9Bjg5q5dduxiUIxtq86JIoBvo1xQ4Ig==}
    engines: {node: ^20.19.0 || >=22.12.0}
    cpu: [arm64]
    os: [linux]

  '@rolldown/binding-linux-arm64-musl@1.0.2':
    resolution: {integrity: sha512-QVLO/czFMdoMFSqlX3bcswcJNm/23r+qoa/jgtmFc/qEp6/jXmIkDjF/XIo8dPfGaiwy1xfQn8o77L79GeXFgw==}
    engines: {node: ^20.19.0 || >=22.12.0}
    cpu: [arm64]
    os: [linux]

  '@rolldown/binding-linux-ppc64-gnu@1.0.2':
    resolution: {integrity: sha512-hgO5Abm0w5UL6FEa2iFnZqo2KlK7TQ5QhV5x09hujBf7t5KzHQ1VmfPuTpqRy/rNlSxua3eWH374xxiVrP+lcA==}
    engines: {node: ^20.19.0 || >=22.12.0}
    cpu: [ppc64]
    os: [linux]

  '@rolldown/binding-linux-s390x-gnu@1.0.2':
    resolution: {integrity: sha512-fy8rXxuYEu602abC8MUNaPjYLIFzReOaEIEMKMUa0rFEUxNpVXhs15KSSQ4qlqSaM7B6rcj9rDZgADh/IGDzLQ==}
    engines: {node: ^20.19.0 || >=22.12.0}
    cpu: [s390x]
    os: [linux]

  '@rolldown/binding-linux-x64-gnu@1.0.2':
    resolution: {integrity: sha512-0+bOkiQ779+r1WpoHOWHqncvyySci0vKph+myNDYb+im6meJAzHQXay6oEgnkHuUGouM1LKTZwqKpBow6Kj7CQ==}
    engines: {node: ^20.19.0 || >=22.12.0}
    cpu: [x64]
    os: [linux]

  '@rolldown/binding-linux-x64-musl@1.0.2':
    resolution: {integrity: sha512-mjSkrzZK5Qsl0a9d1JgILOiuZOSDTVdKENcSXBoqbzSrspLR/4/IRVDo5wd2GgZjNss/viBFJdeq+j7qH2nypw==}
    engines: {node: ^20.19.0 || >=22.12.0}
    cpu: [x64]
    os: [linux]

  '@rolldown/binding-openharmony-arm64@1.0.2':
    resolution: {integrity: sha512-1v5vHasdfQAZoEHakBV72LIFAC9JjnymsiKxp+GEr/ma3+NJCPSaYK+qavInOovJkgwFrs7GccX2d6IgDA3Z5w==}
    engines: {node: ^20.19.0 || >=22.12.0}
    cpu: [arm64]
    os: [openharmony]

  '@rolldown/binding-wasm32-wasi@1.0.2':
    resolution: {integrity: sha512-mb1VobWn6NheziTk5/WEaR6AKVbrwT5sOi6C7zk3gy/pD1qtJfU1j4PgTo2NJnOtbL9Dl3Aeei8w9jJ7qC2jZQ==}
    engines: {node: ^20.19.0 || >=22.12.0}
    cpu: [wasm32]

  '@rolldown/binding-win32-arm64-msvc@1.0.2':
    resolution: {integrity: sha512-SqKonF56vA/L2yHwHYcEp2P34URpOZ7d1fS635cTkpDnUtEGdUbhI6NzsPdqeSWvAAeGDrxjWjNmibDIdFf9/A==}
    engines: {node: ^20.19.0 || >=22.12.0}
    cpu: [arm64]
    os: [win32]

  '@rolldown/binding-win32-x64-msvc@1.0.2':
    resolution: {integrity: sha512-v7qRI7gXLRINcOGXt+7YmAZ6iFuyZVMIoXAxhd8oP+DR9dLfL9GfNIx7PLMxmhZdvq8waUJBQiWN9EKNy+TRBQ==}
    engines: {node: ^20.19.0 || >=22.12.0}
    cpu: [x64]
    os: [win32]

  '@rolldown/pluginutils@1.0.1':
    resolution: {integrity: sha512-2j9bGt5Jh8hj+vPtgzPtl72j0yRxHAyumoo6TNfAjsLB04UtpSvPbPcDcBMxz7n+9CYB0c1GxQFxYRg2jimqGw==}

  '@selderee/plugin-htmlparser2@0.11.0':
    resolution: {integrity: sha512-P33hHGdldxGabLFjPPpaTxVolMrzrcegejx+0GxjrIb9Zv48D8yAIA/QTDR2dFl7Uz7urX8aX6+5bCZslr+gWQ==}

  '@smithy/core@3.24.4':
    resolution: {integrity: sha512-3UNRKEyQyAgVgM0LGlerCLm+ChZWZ1GPfde+jBEW6bm6bSBGU1p0EbblaUV3unbhwvidjLA5Zs3sOs7mnZwvAw==}
    engines: {node: '>=18.0.0'}

  '@smithy/credential-provider-imds@4.3.4':
    resolution: {integrity: sha512-vKW0MEFRU4Y3MkVZUkpJm+g9qyPGLCXhc0YLggUdSdBB4g7IaSSsCE75P9rBXyWHrXY1UYSQUl8/DwsTR7QciA==}
    engines: {node: '>=18.0.0'}

  '@smithy/fetch-http-handler@5.4.4':
    resolution: {integrity: sha512-qM7AUKI4G6d7lNgaZD3lA1tWSolh5r6gcixfTZAPstVURfjIbvreVTPz+994M0yC3HbX4YYhDRgr31Xy3XwWOQ==}
    engines: {node: '>=18.0.0'}

  '@smithy/is-array-buffer@2.2.0':
    resolution: {integrity: sha512-GGP3O9QFD24uGeAXYUjwSTXARoqpZykHadOmA8G5vfJPK0/DC67qa//0qvqrJzL1xc8WQWX7/yc7fwudjPHPhA==}
    engines: {node: '>=14.0.0'}

  '@smithy/node-http-handler@4.7.4':
    resolution: {integrity: sha512-HIeF+1vrDGzPkkv39Hj2vlHSXHY3p958jd/8ZnePIY6+ZOsQX8coyEUKO5yQu4r0bQIVsbpotVIrXXwyycMStQ==}
    engines: {node: '>=18.0.0'}

  '@smithy/signature-v4@5.4.4':
    resolution: {integrity: sha512-e5UtkMvsatzBfbeBZjEOt0k0Z3BEsjTFL/n6fdO5vtBLe67tdy0dX7xw2DU7uZ3acwoHyeCqpU2Fzb7pxwHb6Q==}
    engines: {node: '>=18.0.0'}

  '@smithy/types@4.14.2':
    resolution: {integrity: sha512-P+otAxbV4CqBybp7EkcJCrig63yE2E7PuNVOmilVMRcx/O+QDzGULTrKsq4DV13gSfak9ObPrWaHl/9bL5YcWw==}
    engines: {node: '>=18.0.0'}

  '@smithy/util-buffer-from@2.2.0':
    resolution: {integrity: sha512-IJdWBbTcMQ6DA0gdNhh/BwrLkDR+ADW5Kr1aZmd4k3DIF6ezMV4R2NIAmT08wQJ3yUK82thHWmC/TnK/wpMMIA==}
    engines: {node: '>=14.0.0'}

  '@smithy/util-utf8@2.3.0':
    resolution: {integrity: sha512-R8Rdn8Hy72KKcebgLiv8jQcQkXoLMOGGv5uI1/k0l+snqkOzQ1R0ChUBCxWMlBsFMekWjq0wRudIweFs7sKT5A==}
    engines: {node: '>=14.0.0'}

  '@standard-schema/spec@1.1.0':
    resolution: {integrity: sha512-l2aFy5jALhniG5HgqrD6jXLi/rUWrKvqN/qJx6yoJsgKhblVd+iqqU4RCXavm/jPityDo5TCvKMnpjKnOriy0w==}

  '@tybys/wasm-util@0.10.2':
    resolution: {integrity: sha512-RoBvJ2X0wuKlWFIjrwffGw1IqZHKQqzIchKaadZZfnNpsAYp2mM0h36JtPCjNDAHGgYez/15uMBpfGwchhiMgg==}

  '@types/chai@5.2.3':
    resolution: {integrity: sha512-Mw558oeA9fFbv65/y4mHtXDs9bPnFMZAL/jxdPFUpOHHIXX91mcgEHbS5Lahr+pwZFR8A7GQleRWeI6cGFC2UA==}

  '@types/deep-eql@4.0.2':
    resolution: {integrity: sha512-c9h9dVVMigMPc4bwTvC5dxqtqJZwQPePsWjPlpSOnojbor6pGqdk541lfA7AqFQr5pB1BRdq0juY9db81BwyFw==}

  '@types/estree@1.0.9':
    resolution: {integrity: sha512-GhdPgy1el4/ImP05X05Uw4cw2/M93BCUmnEvWZNStlCzEKME4Fkk+YpoA5OiHNQmoS7Cafb8Xa3Pya8m1Qrzeg==}

  '@types/node@22.19.19':
    resolution: {integrity: sha512-dyh/xO2Fh5bYrfWaaqGrRQQGkNdmYw6AmaAUvYeUMNTWQtvb796ikLdmTchRmOlOiIJ1TDXfWgVx1QkUlQ6Hew==}

  '@types/nodemailer@6.4.23':
    resolution: {integrity: sha512-aFV3/NsYFLSx9mbb5gtirBSXJnAlrusoKNuPbxsASWc7vrKLmIrTQRpdcxNcSFL3VW2A2XpeLEavwb2qMi6nlQ==}

  '@vitest/expect@4.1.7':
    resolution: {integrity: sha512-1R+tw0ortHEbZDGMymm+pN7/AFQ/RkFFdtd7EN+VBpynKmLbP8A3rpEXdshBJ7+8hQ9zBJh/i1s0yKNtxAnU7w==}

  '@vitest/mocker@4.1.7':
    resolution: {integrity: sha512-vY7nuamKgfvpA1Koa3oYIw/k7D6kZnpGyNMZW8loow2bsBYla1TFdqTaXncWdRn4pgwNs+90RhnXhJScDwQeJA==}
    peerDependencies:
      msw: ^2.4.9
      vite: ^6.0.0 || ^7.0.0 || ^8.0.0
    peerDependenciesMeta:
      msw:
        optional: true
      vite:
        optional: true

  '@vitest/pretty-format@4.1.7':
    resolution: {integrity: sha512-umgCarTOYQWIaDMvGDRZij+6b9oVeLIyJzfN+AS88e0ZOU3QTgNNSTtjQOpcvWr3np1N0j4WgZj+sb3oYBDscw==}

  '@vitest/runner@4.1.7':
    resolution: {integrity: sha512-BapjmAQ2aI78WdMEfeUWivnfVzB+VPGwWRQcJE0OUq7qEeEcBsCSf+0T5iREBNE5nBb4wA5Ya0W6IA+sghdEFw==}

  '@vitest/snapshot@4.1.7':
    resolution: {integrity: sha512-ZacLzja+TmJeZ1h14xW2FB/WpeimUD3haBXQPyJqxvo8jQTmfeA8zv58mtjN2C7EHXZDYVcVYdYmAxjkWVvKCw==}

  '@vitest/spy@4.1.7':
    resolution: {integrity: sha512-kbkI5LMWakyuTIvs6fUJ5qdIVb1XVKsYJAT4OJ938cHMROYMSfmoQdZy0aaAnjbbc8F61vkoTqz/Az+/HiIu5Q==}

  '@vitest/utils@4.1.7':
    resolution: {integrity: sha512-T532WBu791cBxJlCl6SO+J14l81DQx6uQHm1bQbmCDY7nqlEIgkza/UFnSBNaUtSf41unldDFjdOBYEQC4b5Hw==}

  assertion-error@2.0.1:
    resolution: {integrity: sha512-Izi8RQcffqCeNVgFigKli1ssklIbpHnCYc6AknXGYoB6grJqyeby7jv12JUQgmTAnIDnbck1uxksT4dzN3PWBA==}
    engines: {node: '>=12'}

  bowser@2.14.1:
    resolution: {integrity: sha512-tzPjzCxygAKWFOJP011oxFHs57HzIhOEracIgAePE4pqB3LikALKnSzUyU4MGs9/iCEUuHlAJTjTc5M+u7YEGg==}

  chai@6.2.2:
    resolution: {integrity: sha512-NUPRluOfOiTKBKvWPtSD4PhFvWCqOi0BGStNWs57X9js7XGTprSmFoz5F0tWhR4WPjNeR9jXqdC7/UpSJTnlRg==}
    engines: {node: '>=18'}

  convert-source-map@2.0.0:
    resolution: {integrity: sha512-Kvp459HrV2FEJ1CAsi1Ku+MY3kasH19TFykTz2xWmMeq6bk2NU3XXvfJ+Q61m0xktWwt+1HSYf3JZsTms3aRJg==}

  deepmerge@4.3.1:
    resolution: {integrity: sha512-3sUqbMEc77XqpdNO7FRyRog+eW3ph+GYCbj+rK+uYyRMuwsVy0rMiVtPn+QJlKFvWP/1PYpapqYn0Me2knFn+A==}
    engines: {node: '>=0.10.0'}

  detect-libc@2.1.2:
    resolution: {integrity: sha512-Btj2BOOO83o3WyH59e8MgXsxEQVcarkUOpEYrubB0urwnN10yQ364rsiByU11nZlqWYZm05i/of7io4mzihBtQ==}
    engines: {node: '>=8'}

  dom-serializer@2.0.0:
    resolution: {integrity: sha512-wIkAryiqt/nV5EQKqQpo3SToSOV9J0DnbJqwK7Wv/Trc92zIAYZ4FlMu+JPFW1DfGFt81ZTCGgDEabffXeLyJg==}

  domelementtype@2.3.0:
    resolution: {integrity: sha512-OLETBj6w0OsagBwdXnPdN0cnMfF9opN69co+7ZrbfPGrdpPVNBUj02spi6B1N7wChLQiPn4CSH/zJvXw56gmHw==}

  domhandler@5.0.3:
    resolution: {integrity: sha512-cgwlv/1iFQiFnU96XXgROh8xTeetsnJiDsTc7TYCLFd9+/WNkIqPTxiM/8pSd8VIrhXGTf1Ny1q1hquVqDJB5w==}
    engines: {node: '>= 4'}

  domutils@3.2.2:
    resolution: {integrity: sha512-6kZKyUajlDuqlHKVX1w7gyslj9MPIXzIFiz/rGu35uC1wMi+kMhQwGhl4lt9unC9Vb9INnY9Z3/ZA3+FhASLaw==}

  entities@4.5.0:
    resolution: {integrity: sha512-V0hjH4dGPh9Ao5p0MoRY6BVqtwCjhz6vI5LT8AJ55H+4g9/4vbHx1I54fS0XuclLhDHArPQCiMjDxjaL8fPxhw==}
    engines: {node: '>=0.12'}

  es-module-lexer@2.1.0:
    resolution: {integrity: sha512-n27zTYMjYu1aj4MjCWzSP7G9r75utsaoc8m61weK+W8JMBGGQybd43GstCXZ3WNmSFtGT9wi59qQTW6mhTR5LQ==}

  estree-walker@3.0.3:
    resolution: {integrity: sha512-7RUKfXgSMMkzt6ZuXmqapOurLGPPfgj6l9uRZ7lRGolvk0y2yocc35LdcxKC5PQZdn2DMqioAQ2NoWcrTKmm6g==}

  expect-type@1.3.0:
    resolution: {integrity: sha512-knvyeauYhqjOYvQ66MznSMs83wmHrCycNEN6Ao+2AeYEfxUIkuiVxdEa1qlGEPK+We3n0THiDciYSsCcgW/DoA==}
    engines: {node: '>=12.0.0'}

  fast-deep-equal@2.0.1:
    resolution: {integrity: sha512-bCK/2Z4zLidyB4ReuIsvALH6w31YfAQDmXMqMx6FyfHqvBxtjC0eRumeSu4Bs3XtXwpyIywtSTrVT99BxY1f9w==}

  fast-xml-builder@1.2.0:
    resolution: {integrity: sha512-00aAWieqff+ZJhsXA4g1g7M8k+7AYoMUUHF+/zFb5U6Uv/P0Vl4QZo84/IcufzYalLuEj9928bXN9PbbFzMF0Q==}

  fast-xml-parser@5.7.3:
    resolution: {integrity: sha512-C0AaNuC+mscy6vrAQKAc/rMq+zAPHodfHGZu4sGVehvAQt/JLG1O5zEcYcXSY5zSqr4YVgxsB+pHXTq0i7eDlg==}
    hasBin: true

  fdir@6.5.0:
    resolution: {integrity: sha512-tIbYtZbucOs0BRGqPJkshJUYdL+SDH7dVM8gjy+ERp3WAUjLEFJE+02kanyHtwjWOnwrKYBiwAmM0p4kLJAnXg==}
    engines: {node: '>=12.0.0'}
    peerDependencies:
      picomatch: ^3 || ^4
    peerDependenciesMeta:
      picomatch:
        optional: true

  fsevents@2.3.3:
    resolution: {integrity: sha512-5xoDfX+fL7faATnagmWPpbFtwh/R77WmMMqqHGS65C3vvB0YHrgF+B1YmZ3441tMj5n63k0212XNoJwzlhffQw==}
    engines: {node: ^8.16.0 || ^10.6.0 || >=11.0.0}
    os: [darwin]

  html-to-text@9.0.5:
    resolution: {integrity: sha512-qY60FjREgVZL03vJU6IfMV4GDjGBIoOyvuFdpBDIX9yTlDw0TjxVBQp+P8NvpdIXNJvfWBTNul7fsAQJq2FNpg==}
    engines: {node: '>=14'}

  htmlparser2@8.0.2:
    resolution: {integrity: sha512-GYdjWKDkbRLkZ5geuHs5NY1puJ+PXwP7+fHPRz06Eirsb9ugf6d8kkXav6ADhcODhFFPMIXyxkxSuMf3D6NCFA==}

  leac@0.6.0:
    resolution: {integrity: sha512-y+SqErxb8h7nE/fiEX07jsbuhrpO9lL8eca7/Y1nuWV2moNlXhyd59iDGcRf6moVyDMbmTNzL40SUyrFU/yDpg==}

  lightningcss-android-arm64@1.32.0:
    resolution: {integrity: sha512-YK7/ClTt4kAK0vo6w3X+Pnm0D2cf2vPHbhOXdoNti1Ga0al1P4TBZhwjATvjNwLEBCnKvjJc2jQgHXH0NEwlAg==}
    engines: {node: '>= 12.0.0'}
    cpu: [arm64]
    os: [android]

  lightningcss-darwin-arm64@1.32.0:
    resolution: {integrity: sha512-RzeG9Ju5bag2Bv1/lwlVJvBE3q6TtXskdZLLCyfg5pt+HLz9BqlICO7LZM7VHNTTn/5PRhHFBSjk5lc4cmscPQ==}
    engines: {node: '>= 12.0.0'}
    cpu: [arm64]
    os: [darwin]

  lightningcss-darwin-x64@1.32.0:
    resolution: {integrity: sha512-U+QsBp2m/s2wqpUYT/6wnlagdZbtZdndSmut/NJqlCcMLTWp5muCrID+K5UJ6jqD2BFshejCYXniPDbNh73V8w==}
    engines: {node: '>= 12.0.0'}
    cpu: [x64]
    os: [darwin]

  lightningcss-freebsd-x64@1.32.0:
    resolution: {integrity: sha512-JCTigedEksZk3tHTTthnMdVfGf61Fky8Ji2E4YjUTEQX14xiy/lTzXnu1vwiZe3bYe0q+SpsSH/CTeDXK6WHig==}
    engines: {node: '>= 12.0.0'}
    cpu: [x64]
    os: [freebsd]

  lightningcss-linux-arm-gnueabihf@1.32.0:
    resolution: {integrity: sha512-x6rnnpRa2GL0zQOkt6rts3YDPzduLpWvwAF6EMhXFVZXD4tPrBkEFqzGowzCsIWsPjqSK+tyNEODUBXeeVHSkw==}
    engines: {node: '>= 12.0.0'}
    cpu: [arm]
    os: [linux]

  lightningcss-linux-arm64-gnu@1.32.0:
    resolution: {integrity: sha512-0nnMyoyOLRJXfbMOilaSRcLH3Jw5z9HDNGfT/gwCPgaDjnx0i8w7vBzFLFR1f6CMLKF8gVbebmkUN3fa/kQJpQ==}
    engines: {node: '>= 12.0.0'}
    cpu: [arm64]
    os: [linux]

  lightningcss-linux-arm64-musl@1.32.0:
    resolution: {integrity: sha512-UpQkoenr4UJEzgVIYpI80lDFvRmPVg6oqboNHfoH4CQIfNA+HOrZ7Mo7KZP02dC6LjghPQJeBsvXhJod/wnIBg==}
    engines: {node: '>= 12.0.0'}
    cpu: [arm64]
    os: [linux]

  lightningcss-linux-x64-gnu@1.32.0:
    resolution: {integrity: sha512-V7Qr52IhZmdKPVr+Vtw8o+WLsQJYCTd8loIfpDaMRWGUZfBOYEJeyJIkqGIDMZPwPx24pUMfwSxxI8phr/MbOA==}
    engines: {node: '>= 12.0.0'}
    cpu: [x64]
    os: [linux]

  lightningcss-linux-x64-musl@1.32.0:
    resolution: {integrity: sha512-bYcLp+Vb0awsiXg/80uCRezCYHNg1/l3mt0gzHnWV9XP1W5sKa5/TCdGWaR/zBM2PeF/HbsQv/j2URNOiVuxWg==}
    engines: {node: '>= 12.0.0'}
    cpu: [x64]
    os: [linux]

  lightningcss-win32-arm64-msvc@1.32.0:
    resolution: {integrity: sha512-8SbC8BR40pS6baCM8sbtYDSwEVQd4JlFTOlaD3gWGHfThTcABnNDBda6eTZeqbofalIJhFx0qKzgHJmcPTnGdw==}
    engines: {node: '>= 12.0.0'}
    cpu: [arm64]
    os: [win32]

  lightningcss-win32-x64-msvc@1.32.0:
    resolution: {integrity: sha512-Amq9B/SoZYdDi1kFrojnoqPLxYhQ4Wo5XiL8EVJrVsB8ARoC1PWW6VGtT0WKCemjy8aC+louJnjS7U18x3b06Q==}
    engines: {node: '>= 12.0.0'}
    cpu: [x64]
    os: [win32]

  lightningcss@1.32.0:
    resolution: {integrity: sha512-NXYBzinNrblfraPGyrbPoD19C1h9lfI/1mzgWYvXUTe414Gz/X1FD2XBZSZM7rRTrMA8JL3OtAaGifrIKhQ5yQ==}
    engines: {node: '>= 12.0.0'}

  magic-string@0.30.21:
    resolution: {integrity: sha512-vd2F4YUyEXKGcLHoq+TEyCjxueSeHnFxyyjNp80yg0XV4vUhnDer/lvvlqM/arB5bXQN5K2/3oinyCRyx8T2CQ==}

  nanoid@3.3.12:
    resolution: {integrity: sha512-ZB9RH/39qpq5Vu6Y+NmUaFhQR6pp+M2Xt76XBnEwDaGcVAqhlvxrl3B2bKS5D3NH3QR76v3aSrKaF/Kiy7lEtQ==}
    engines: {node: ^10 || ^12 || ^13.7 || ^14 || >=15.0.1}
    hasBin: true

  nodemailer@6.10.1:
    resolution: {integrity: sha512-Z+iLaBGVaSjbIzQ4pX6XV41HrooLsQ10ZWPUehGmuantvzWoDVBnmsdUcOIDM1t+yPor5pDhVlDESgOMEGxhHA==}
    engines: {node: '>=6.0.0'}

  obug@2.1.1:
    resolution: {integrity: sha512-uTqF9MuPraAQ+IsnPf366RG4cP9RtUi7MLO1N3KEc+wb0a6yKpeL0lmk2IB1jY5KHPAlTc6T/JRdC/YqxHNwkQ==}

  parseley@0.12.1:
    resolution: {integrity: sha512-e6qHKe3a9HWr0oMRVDTRhKce+bRO8VGQR3NyVwcjwrbhMmFCX9KszEV35+rn4AdilFAq9VPxP/Fe1wC9Qjd2lw==}

  path-expression-matcher@1.5.0:
    resolution: {integrity: sha512-cbrerZV+6rvdQrrD+iGMcZFEiiSrbv9Tfdkvnusy6y0x0GKBXREFg/Y65GhIfm0tnLntThhzCnfKwp1WRjeCyQ==}
    engines: {node: '>=14.0.0'}

  pathe@2.0.3:
    resolution: {integrity: sha512-WUjGcAqP1gQacoQe+OBJsFA7Ld4DyXuUIjZ5cc75cLHvJ7dtNsTugphxIADwspS+AraAUePCKrSVtPLFj/F88w==}

  peberminta@0.9.0:
    resolution: {integrity: sha512-XIxfHpEuSJbITd1H3EeQwpcZbTLHc+VVr8ANI9t5sit565tsI4/xK3KWTUFE2e6QiangUkh3B0jihzmGnNrRsQ==}

  picocolors@1.1.1:
    resolution: {integrity: sha512-xceH2snhtb5M9liqDsmEw56le376mTZkEX/jEb/RxNFyegNul7eNslCXP9FDj/Lcu0X8KEyMceP2ntpaHrDEVA==}

  picomatch@4.0.4:
    resolution: {integrity: sha512-QP88BAKvMam/3NxH6vj2o21R6MjxZUAd6nlwAS/pnGvN9IVLocLHxGYIzFhg6fUQ+5th6P4dv4eW9jX3DSIj7A==}
    engines: {node: '>=12'}

  postcss@8.5.15:
    resolution: {integrity: sha512-FfR8sjd4em2T6fb3I2MwAJU7HWVMr9zba+enmQeeWFfCbm+UOC/0X4DS8XtpUTMwWMGbjKYP7xjfNekzyGmB3A==}
    engines: {node: ^10 || ^12 || >=14}

  prettier@3.8.3:
    resolution: {integrity: sha512-7igPTM53cGHMW8xWuVTydi2KO233VFiTNyF5hLJqpilHfmn8C8gPf+PS7dUT64YcXFbiMGZxS9pCSxL/Dxm/Jw==}
    engines: {node: '>=14'}
    hasBin: true

  react-dom@19.2.6:
    resolution: {integrity: sha512-0prMI+hvBbPjsWnxDLxlCGyM8PN6UuWjEUCYmZhO67xIV9Xasa/r/vDnq+Xyq4Lo27g8QSbO5YzARu0D1Sps3g==}
    peerDependencies:
      react: ^19.2.6

  react-promise-suspense@0.3.4:
    resolution: {integrity: sha512-I42jl7L3Ze6kZaq+7zXWSunBa3b1on5yfvUW6Eo/3fFOj6dZ5Bqmcd264nJbTK/gn1HjjILAjSwnZbV4RpSaNQ==}

  react@19.2.6:
    resolution: {integrity: sha512-sfWGGfavi0xr8Pg0sVsyHMAOziVYKgPLNrS7ig+ivMNb3wbCBw3KxtflsGBAwD3gYQlE/AEZsTLgToRrSCjb0Q==}
    engines: {node: '>=0.10.0'}

  resend@4.8.0:
    resolution: {integrity: sha512-R8eBOFQDO6dzRTDmaMEdpqrkmgSjPpVXt4nGfWsZdYOet0kqra0xgbvTES6HmCriZEXbmGk3e0DiGIaLFTFSHA==}
    engines: {node: '>=18'}

  rolldown@1.0.2:
    resolution: {integrity: sha512-oZx5zVDtVB44AW3eaifgDml1gWRDZGvjcfdxonE4swNPG98PrrXjaO/KrnUjzlMnztCCRVlUueA1kCXhARGk6g==}
    engines: {node: ^20.19.0 || >=22.12.0}
    hasBin: true

  scheduler@0.27.0:
    resolution: {integrity: sha512-eNv+WrVbKu1f3vbYJT/xtiF5syA5HPIMtf9IgY/nKg0sWqzAUEvqY/xm7OcZc/qafLx/iO9FgOmeSAp4v5ti/Q==}

  selderee@0.11.0:
    resolution: {integrity: sha512-5TF+l7p4+OsnP8BCCvSyZiSPc4x4//p5uPwK8TCnVPJYRmU2aYKMpOXvw8zM5a5JvuuCGN1jmsMwuU2W02ukfA==}

  siginfo@2.0.0:
    resolution: {integrity: sha512-ybx0WO1/8bSBLEWXZvEd7gMW3Sn3JFlW3TvX1nREbDLRNQNaeNN8WK0meBwPdAaOI7TtRRRJn/Es1zhrrCHu7g==}

  source-map-js@1.2.1:
    resolution: {integrity: sha512-UXWMKhLOwVKb728IUtQPXxfYU+usdybtUrK/8uGE8CQMvrhOpwvzDBwj0QhSL7MQc7vIsISBG8VQ8+IDQxpfQA==}
    engines: {node: '>=0.10.0'}

  stackback@0.0.2:
    resolution: {integrity: sha512-1XMJE5fQo1jGH6Y/7ebnwPOBEkIEnT4QF32d5R1+VXdXveM0IBMJt8zfaxX1P3QhVwrYe+576+jkANtSS2mBbw==}

  std-env@4.1.0:
    resolution: {integrity: sha512-Rq7ybcX2RuC55r9oaPVEW7/xu3tj8u4GeBYHBWCychFtzMIr86A7e3PPEBPT37sHStKX3+TiX/Fr/ACmJLVlLQ==}

  strnum@2.3.0:
    resolution: {integrity: sha512-ums3KNd42PGyx5xaoVTO1mjU1bH3NpY4vsrVlnv9PNGqQj8wd7rJ6nEypLrJ7z5vxK5RP0yMLo6J/Gsm62DI5Q==}

  tinybench@2.9.0:
    resolution: {integrity: sha512-0+DUvqWMValLmha6lr4kD8iAMK1HzV0/aKnCtWb9v9641TnP/MFb7Pc2bxoxQjTXAErryXVgUOfv2YqNllqGeg==}

  tinyexec@1.2.2:
    resolution: {integrity: sha512-M/Q0B2cp4K7kynaT/vnED1j8TlLY+Pp7C6Wl2bl/7u/F0mUVwdyOpwomQb8JpYLitHUssAJRmLZdMCGsrx7i+g==}
    engines: {node: '>=18'}

  tinyglobby@0.2.16:
    resolution: {integrity: sha512-pn99VhoACYR8nFHhxqix+uvsbXineAasWm5ojXoN8xEwK5Kd3/TrhNn1wByuD52UxWRLy8pu+kRMniEi6Eq9Zg==}
    engines: {node: '>=12.0.0'}

  tinyrainbow@3.1.0:
    resolution: {integrity: sha512-Bf+ILmBgretUrdJxzXM0SgXLZ3XfiaUuOj/IKQHuTXip+05Xn+uyEYdVg0kYDipTBcLrCVyUzAPz7QmArb0mmw==}
    engines: {node: '>=14.0.0'}

  tslib@2.8.1:
    resolution: {integrity: sha512-oJFu94HQb+KVduSUQL7wnpmqnfmLsOA/nAh6b6EH0wCEoK0/mPeXU6c3wKDV83MkOuHPRHtSXKKU99IBazS/2w==}

  typescript@5.9.3:
    resolution: {integrity: sha512-jl1vZzPDinLr9eUt3J/t7V6FgNEw9QjvBPdysz9KfQDD41fQrC2Y4vKQdiaUpFT4bXlb1RHhLpp8wtm6M5TgSw==}
    engines: {node: '>=14.17'}
    hasBin: true

  undici-types@6.21.0:
    resolution: {integrity: sha512-iwDZqg0QAGrg9Rav5H4n0M64c3mkR59cJ6wQp+7C4nI0gsmExaedaYLNO44eT4AtBBwjbTiGPMlt2Md0T9H9JQ==}

  vite@8.0.14:
    resolution: {integrity: sha512-s4BJJ+5y1pYL6Otw51FHhVJQhPnuRinKig64g/1+EUNaJsd3gCKdD31IPFvswUgW9/60QT9oFHbZHbQK5imcxw==}
    engines: {node: ^20.19.0 || >=22.12.0}
    hasBin: true
    peerDependencies:
      '@types/node': ^20.19.0 || >=22.12.0
      '@vitejs/devtools': ^0.1.18
      esbuild: ^0.27.0 || ^0.28.0
      jiti: '>=1.21.0'
      less: ^4.0.0
      sass: ^1.70.0
      sass-embedded: ^1.70.0
      stylus: '>=0.54.8'
      sugarss: ^5.0.0
      terser: ^5.16.0
      tsx: ^4.8.1
      yaml: ^2.4.2
    peerDependenciesMeta:
      '@types/node':
        optional: true
      '@vitejs/devtools':
        optional: true
      esbuild:
        optional: true
      jiti:
        optional: true
      less:
        optional: true
      sass:
        optional: true
      sass-embedded:
        optional: true
      stylus:
        optional: true
      sugarss:
        optional: true
      terser:
        optional: true
      tsx:
        optional: true
      yaml:
        optional: true

  vitest@4.1.7:
    resolution: {integrity: sha512-flYyaFd2CgoCoU+0UKt3pxksgC+S02iTDN0n3LtqaMeXsI9SBcdNujc2k0DeFLzUn/0k538yNjOSdwgCqcrwJA==}
    engines: {node: ^20.0.0 || ^22.0.0 || >=24.0.0}
    hasBin: true
    peerDependencies:
      '@edge-runtime/vm': '*'
      '@opentelemetry/api': ^1.9.0
      '@types/node': ^20.0.0 || ^22.0.0 || >=24.0.0
      '@vitest/browser-playwright': 4.1.7
      '@vitest/browser-preview': 4.1.7
      '@vitest/browser-webdriverio': 4.1.7
      '@vitest/coverage-istanbul': 4.1.7
      '@vitest/coverage-v8': 4.1.7
      '@vitest/ui': 4.1.7
      happy-dom: '*'
      jsdom: '*'
      vite: ^6.0.0 || ^7.0.0 || ^8.0.0
    peerDependenciesMeta:
      '@edge-runtime/vm':
        optional: true
      '@opentelemetry/api':
        optional: true
      '@types/node':
        optional: true
      '@vitest/browser-playwright':
        optional: true
      '@vitest/browser-preview':
        optional: true
      '@vitest/browser-webdriverio':
        optional: true
      '@vitest/coverage-istanbul':
        optional: true
      '@vitest/coverage-v8':
        optional: true
      '@vitest/ui':
        optional: true
      happy-dom:
        optional: true
      jsdom:
        optional: true

  why-is-node-running@2.3.0:
    resolution: {integrity: sha512-hUrmaWBdVDcxvYqnyh09zunKzROWjbZTiNy8dBEjkS7ehEDQibXJ7XvlmtbwuTclUiIyN+CyXQD4Vmko8fNm8w==}
    engines: {node: '>=8'}
    hasBin: true

  xml-naming@0.1.0:
    resolution: {integrity: sha512-k8KO9hrMyNk6tUWqUfkTEZbezRRpONVOzUTnc97VnCvyj6Tf9lyUR9EDAIeiVLv56jsMcoXEwjW8Kv5yPY52lw==}
    engines: {node: '>=16.0.0'}

snapshots:

  '@aws-crypto/crc32@5.2.0':
    dependencies:
      '@aws-crypto/util': 5.2.0
      '@aws-sdk/types': 3.973.9
      tslib: 2.8.1

  '@aws-crypto/sha256-browser@5.2.0':
    dependencies:
      '@aws-crypto/sha256-js': 5.2.0
      '@aws-crypto/supports-web-crypto': 5.2.0
      '@aws-crypto/util': 5.2.0
      '@aws-sdk/types': 3.973.9
      '@aws-sdk/util-locate-window': 3.965.5
      '@smithy/util-utf8': 2.3.0
      tslib: 2.8.1

  '@aws-crypto/sha256-js@5.2.0':
    dependencies:
      '@aws-crypto/util': 5.2.0
      '@aws-sdk/types': 3.973.9
      tslib: 2.8.1

  '@aws-crypto/supports-web-crypto@5.2.0':
    dependencies:
      tslib: 2.8.1

  '@aws-crypto/util@5.2.0':
    dependencies:
      '@aws-sdk/types': 3.973.9
      '@smithy/util-utf8': 2.3.0
      tslib: 2.8.1

  '@aws-sdk/client-sesv2@3.1053.0':
    dependencies:
      '@aws-crypto/sha256-browser': 5.2.0
      '@aws-crypto/sha256-js': 5.2.0
      '@aws-sdk/core': 3.974.13
      '@aws-sdk/credential-provider-node': 3.972.44
      '@aws-sdk/signature-v4-multi-region': 3.996.28
      '@aws-sdk/types': 3.973.9
      '@smithy/core': 3.24.4
      '@smithy/fetch-http-handler': 5.4.4
      '@smithy/node-http-handler': 4.7.4
      '@smithy/types': 4.14.2
      tslib: 2.8.1

  '@aws-sdk/core@3.974.13':
    dependencies:
      '@aws-sdk/types': 3.973.9
      '@aws-sdk/xml-builder': 3.972.25
      '@aws/lambda-invoke-store': 0.2.4
      '@smithy/core': 3.24.4
      '@smithy/signature-v4': 5.4.4
      '@smithy/types': 4.14.2
      bowser: 2.14.1
      tslib: 2.8.1

  '@aws-sdk/credential-provider-env@3.972.39':
    dependencies:
      '@aws-sdk/core': 3.974.13
      '@aws-sdk/types': 3.973.9
      '@smithy/core': 3.24.4
      '@smithy/types': 4.14.2
      tslib: 2.8.1

  '@aws-sdk/credential-provider-http@3.972.41':
    dependencies:
      '@aws-sdk/core': 3.974.13
      '@aws-sdk/types': 3.973.9
      '@smithy/core': 3.24.4
      '@smithy/fetch-http-handler': 5.4.4
      '@smithy/node-http-handler': 4.7.4
      '@smithy/types': 4.14.2
      tslib: 2.8.1

  '@aws-sdk/credential-provider-ini@3.972.43':
    dependencies:
      '@aws-sdk/core': 3.974.13
      '@aws-sdk/credential-provider-env': 3.972.39
      '@aws-sdk/credential-provider-http': 3.972.41
      '@aws-sdk/credential-provider-login': 3.972.43
      '@aws-sdk/credential-provider-process': 3.972.39
      '@aws-sdk/credential-provider-sso': 3.972.43
      '@aws-sdk/credential-provider-web-identity': 3.972.43
      '@aws-sdk/nested-clients': 3.997.11
      '@aws-sdk/types': 3.973.9
      '@smithy/core': 3.24.4
      '@smithy/credential-provider-imds': 4.3.4
      '@smithy/types': 4.14.2
      tslib: 2.8.1

  '@aws-sdk/credential-provider-login@3.972.43':
    dependencies:
      '@aws-sdk/core': 3.974.13
      '@aws-sdk/nested-clients': 3.997.11
      '@aws-sdk/types': 3.973.9
      '@smithy/core': 3.24.4
      '@smithy/types': 4.14.2
      tslib: 2.8.1

  '@aws-sdk/credential-provider-node@3.972.44':
    dependencies:
      '@aws-sdk/credential-provider-env': 3.972.39
      '@aws-sdk/credential-provider-http': 3.972.41
      '@aws-sdk/credential-provider-ini': 3.972.43
      '@aws-sdk/credential-provider-process': 3.972.39
      '@aws-sdk/credential-provider-sso': 3.972.43
      '@aws-sdk/credential-provider-web-identity': 3.972.43
      '@aws-sdk/types': 3.973.9
      '@smithy/core': 3.24.4
      '@smithy/credential-provider-imds': 4.3.4
      '@smithy/types': 4.14.2
      tslib: 2.8.1

  '@aws-sdk/credential-provider-process@3.972.39':
    dependencies:
      '@aws-sdk/core': 3.974.13
      '@aws-sdk/types': 3.973.9
      '@smithy/core': 3.24.4
      '@smithy/types': 4.14.2
      tslib: 2.8.1

  '@aws-sdk/credential-provider-sso@3.972.43':
    dependencies:
      '@aws-sdk/core': 3.974.13
      '@aws-sdk/nested-clients': 3.997.11
      '@aws-sdk/token-providers': 3.1052.0
      '@aws-sdk/types': 3.973.9
      '@smithy/core': 3.24.4
      '@smithy/types': 4.14.2
      tslib: 2.8.1

  '@aws-sdk/credential-provider-web-identity@3.972.43':
    dependencies:
      '@aws-sdk/core': 3.974.13
      '@aws-sdk/nested-clients': 3.997.11
      '@aws-sdk/types': 3.973.9
      '@smithy/core': 3.24.4
      '@smithy/types': 4.14.2
      tslib: 2.8.1

  '@aws-sdk/nested-clients@3.997.11':
    dependencies:
      '@aws-crypto/sha256-browser': 5.2.0
      '@aws-crypto/sha256-js': 5.2.0
      '@aws-sdk/core': 3.974.13
      '@aws-sdk/signature-v4-multi-region': 3.996.28
      '@aws-sdk/types': 3.973.9
      '@smithy/core': 3.24.4
      '@smithy/fetch-http-handler': 5.4.4
      '@smithy/node-http-handler': 4.7.4
      '@smithy/types': 4.14.2
      tslib: 2.8.1

  '@aws-sdk/signature-v4-multi-region@3.996.28':
    dependencies:
      '@aws-sdk/types': 3.973.9
      '@smithy/core': 3.24.4
      '@smithy/signature-v4': 5.4.4
      '@smithy/types': 4.14.2
      tslib: 2.8.1

  '@aws-sdk/token-providers@3.1052.0':
    dependencies:
      '@aws-sdk/core': 3.974.13
      '@aws-sdk/nested-clients': 3.997.11
      '@aws-sdk/types': 3.973.9
      '@smithy/core': 3.24.4
      '@smithy/types': 4.14.2
      tslib: 2.8.1

  '@aws-sdk/types@3.973.9':
    dependencies:
      '@smithy/types': 4.14.2
      tslib: 2.8.1

  '@aws-sdk/util-locate-window@3.965.5':
    dependencies:
      tslib: 2.8.1

  '@aws-sdk/xml-builder@3.972.25':
    dependencies:
      '@nodable/entities': 2.1.0
      '@smithy/types': 4.14.2
      fast-xml-parser: 5.7.3
      tslib: 2.8.1

  '@aws/lambda-invoke-store@0.2.4': {}

  '@emnapi/core@1.10.0':
    dependencies:
      '@emnapi/wasi-threads': 1.2.1
      tslib: 2.8.1
    optional: true

  '@emnapi/runtime@1.10.0':
    dependencies:
      tslib: 2.8.1
    optional: true

  '@emnapi/wasi-threads@1.2.1':
    dependencies:
      tslib: 2.8.1
    optional: true

  '@jridgewell/sourcemap-codec@1.5.5': {}

  '@napi-rs/wasm-runtime@1.1.4(@emnapi/core@1.10.0)(@emnapi/runtime@1.10.0)':
    dependencies:
      '@emnapi/core': 1.10.0
      '@emnapi/runtime': 1.10.0
      '@tybys/wasm-util': 0.10.2
    optional: true

  '@nodable/entities@2.1.0': {}

  '@oxc-project/types@0.132.0': {}

  '@react-email/render@1.1.2(react-dom@19.2.6(react@19.2.6))(react@19.2.6)':
    dependencies:
      html-to-text: 9.0.5
      prettier: 3.8.3
      react: 19.2.6
      react-dom: 19.2.6(react@19.2.6)
      react-promise-suspense: 0.3.4

  '@rolldown/binding-android-arm64@1.0.2':
    optional: true

  '@rolldown/binding-darwin-arm64@1.0.2':
    optional: true

  '@rolldown/binding-darwin-x64@1.0.2':
    optional: true

  '@rolldown/binding-freebsd-x64@1.0.2':
    optional: true

  '@rolldown/binding-linux-arm-gnueabihf@1.0.2':
    optional: true

  '@rolldown/binding-linux-arm64-gnu@1.0.2':
    optional: true

  '@rolldown/binding-linux-arm64-musl@1.0.2':
    optional: true

  '@rolldown/binding-linux-ppc64-gnu@1.0.2':
    optional: true

  '@rolldown/binding-linux-s390x-gnu@1.0.2':
    optional: true

  '@rolldown/binding-linux-x64-gnu@1.0.2':
    optional: true

  '@rolldown/binding-linux-x64-musl@1.0.2':
    optional: true

  '@rolldown/binding-openharmony-arm64@1.0.2':
    optional: true

  '@rolldown/binding-wasm32-wasi@1.0.2':
    dependencies:
      '@emnapi/core': 1.10.0
      '@emnapi/runtime': 1.10.0
      '@napi-rs/wasm-runtime': 1.1.4(@emnapi/core@1.10.0)(@emnapi/runtime@1.10.0)
    optional: true

  '@rolldown/binding-win32-arm64-msvc@1.0.2':
    optional: true

  '@rolldown/binding-win32-x64-msvc@1.0.2':
    optional: true

  '@rolldown/pluginutils@1.0.1': {}

  '@selderee/plugin-htmlparser2@0.11.0':
    dependencies:
      domhandler: 5.0.3
      selderee: 0.11.0

  '@smithy/core@3.24.4':
    dependencies:
      '@aws-crypto/crc32': 5.2.0
      '@smithy/types': 4.14.2
      tslib: 2.8.1

  '@smithy/credential-provider-imds@4.3.4':
    dependencies:
      '@smithy/core': 3.24.4
      '@smithy/types': 4.14.2
      tslib: 2.8.1

  '@smithy/fetch-http-handler@5.4.4':
    dependencies:
      '@smithy/core': 3.24.4
      '@smithy/types': 4.14.2
      tslib: 2.8.1

  '@smithy/is-array-buffer@2.2.0':
    dependencies:
      tslib: 2.8.1

  '@smithy/node-http-handler@4.7.4':
    dependencies:
      '@smithy/core': 3.24.4
      '@smithy/types': 4.14.2
      tslib: 2.8.1

  '@smithy/signature-v4@5.4.4':
    dependencies:
      '@smithy/core': 3.24.4
      '@smithy/types': 4.14.2
      tslib: 2.8.1

  '@smithy/types@4.14.2':
    dependencies:
      tslib: 2.8.1

  '@smithy/util-buffer-from@2.2.0':
    dependencies:
      '@smithy/is-array-buffer': 2.2.0
      tslib: 2.8.1

  '@smithy/util-utf8@2.3.0':
    dependencies:
      '@smithy/util-buffer-from': 2.2.0
      tslib: 2.8.1

  '@standard-schema/spec@1.1.0': {}

  '@tybys/wasm-util@0.10.2':
    dependencies:
      tslib: 2.8.1
    optional: true

  '@types/chai@5.2.3':
    dependencies:
      '@types/deep-eql': 4.0.2
      assertion-error: 2.0.1

  '@types/deep-eql@4.0.2': {}

  '@types/estree@1.0.9': {}

  '@types/node@22.19.19':
    dependencies:
      undici-types: 6.21.0

  '@types/nodemailer@6.4.23':
    dependencies:
      '@types/node': 22.19.19

  '@vitest/expect@4.1.7':
    dependencies:
      '@standard-schema/spec': 1.1.0
      '@types/chai': 5.2.3
      '@vitest/spy': 4.1.7
      '@vitest/utils': 4.1.7
      chai: 6.2.2
      tinyrainbow: 3.1.0

  '@vitest/mocker@4.1.7(vite@8.0.14(@types/node@22.19.19))':
    dependencies:
      '@vitest/spy': 4.1.7
      estree-walker: 3.0.3
      magic-string: 0.30.21
    optionalDependencies:
      vite: 8.0.14(@types/node@22.19.19)

  '@vitest/pretty-format@4.1.7':
    dependencies:
      tinyrainbow: 3.1.0

  '@vitest/runner@4.1.7':
    dependencies:
      '@vitest/utils': 4.1.7
      pathe: 2.0.3

  '@vitest/snapshot@4.1.7':
    dependencies:
      '@vitest/pretty-format': 4.1.7
      '@vitest/utils': 4.1.7
      magic-string: 0.30.21
      pathe: 2.0.3

  '@vitest/spy@4.1.7': {}

  '@vitest/utils@4.1.7':
    dependencies:
      '@vitest/pretty-format': 4.1.7
      convert-source-map: 2.0.0
      tinyrainbow: 3.1.0

  assertion-error@2.0.1: {}

  bowser@2.14.1: {}

  chai@6.2.2: {}

  convert-source-map@2.0.0: {}

  deepmerge@4.3.1: {}

  detect-libc@2.1.2: {}

  dom-serializer@2.0.0:
    dependencies:
      domelementtype: 2.3.0
      domhandler: 5.0.3
      entities: 4.5.0

  domelementtype@2.3.0: {}

  domhandler@5.0.3:
    dependencies:
      domelementtype: 2.3.0

  domutils@3.2.2:
    dependencies:
      dom-serializer: 2.0.0
      domelementtype: 2.3.0
      domhandler: 5.0.3

  entities@4.5.0: {}

  es-module-lexer@2.1.0: {}

  estree-walker@3.0.3:
    dependencies:
      '@types/estree': 1.0.9

  expect-type@1.3.0: {}

  fast-deep-equal@2.0.1: {}

  fast-xml-builder@1.2.0:
    dependencies:
      path-expression-matcher: 1.5.0
      xml-naming: 0.1.0

  fast-xml-parser@5.7.3:
    dependencies:
      '@nodable/entities': 2.1.0
      fast-xml-builder: 1.2.0
      path-expression-matcher: 1.5.0
      strnum: 2.3.0

  fdir@6.5.0(picomatch@4.0.4):
    optionalDependencies:
      picomatch: 4.0.4

  fsevents@2.3.3:
    optional: true

  html-to-text@9.0.5:
    dependencies:
      '@selderee/plugin-htmlparser2': 0.11.0
      deepmerge: 4.3.1
      dom-serializer: 2.0.0
      htmlparser2: 8.0.2
      selderee: 0.11.0

  htmlparser2@8.0.2:
    dependencies:
      domelementtype: 2.3.0
      domhandler: 5.0.3
      domutils: 3.2.2
      entities: 4.5.0

  leac@0.6.0: {}

  lightningcss-android-arm64@1.32.0:
    optional: true

  lightningcss-darwin-arm64@1.32.0:
    optional: true

  lightningcss-darwin-x64@1.32.0:
    optional: true

  lightningcss-freebsd-x64@1.32.0:
    optional: true

  lightningcss-linux-arm-gnueabihf@1.32.0:
    optional: true

  lightningcss-linux-arm64-gnu@1.32.0:
    optional: true

  lightningcss-linux-arm64-musl@1.32.0:
    optional: true

  lightningcss-linux-x64-gnu@1.32.0:
    optional: true

  lightningcss-linux-x64-musl@1.32.0:
    optional: true

  lightningcss-win32-arm64-msvc@1.32.0:
    optional: true

  lightningcss-win32-x64-msvc@1.32.0:
    optional: true

  lightningcss@1.32.0:
    dependencies:
      detect-libc: 2.1.2
    optionalDependencies:
      lightningcss-android-arm64: 1.32.0
      lightningcss-darwin-arm64: 1.32.0
      lightningcss-darwin-x64: 1.32.0
      lightningcss-freebsd-x64: 1.32.0
      lightningcss-linux-arm-gnueabihf: 1.32.0
      lightningcss-linux-arm64-gnu: 1.32.0
      lightningcss-linux-arm64-musl: 1.32.0
      lightningcss-linux-x64-gnu: 1.32.0
      lightningcss-linux-x64-musl: 1.32.0
      lightningcss-win32-arm64-msvc: 1.32.0
      lightningcss-win32-x64-msvc: 1.32.0

  magic-string@0.30.21:
    dependencies:
      '@jridgewell/sourcemap-codec': 1.5.5

  nanoid@3.3.12: {}

  nodemailer@6.10.1: {}

  obug@2.1.1: {}

  parseley@0.12.1:
    dependencies:
      leac: 0.6.0
      peberminta: 0.9.0

  path-expression-matcher@1.5.0: {}

  pathe@2.0.3: {}

  peberminta@0.9.0: {}

  picocolors@1.1.1: {}

  picomatch@4.0.4: {}

  postcss@8.5.15:
    dependencies:
      nanoid: 3.3.12
      picocolors: 1.1.1
      source-map-js: 1.2.1

  prettier@3.8.3: {}

  react-dom@19.2.6(react@19.2.6):
    dependencies:
      react: 19.2.6
      scheduler: 0.27.0

  react-promise-suspense@0.3.4:
    dependencies:
      fast-deep-equal: 2.0.1

  react@19.2.6: {}

  resend@4.8.0(react-dom@19.2.6(react@19.2.6))(react@19.2.6):
    dependencies:
      '@react-email/render': 1.1.2(react-dom@19.2.6(react@19.2.6))(react@19.2.6)
    transitivePeerDependencies:
      - react
      - react-dom

  rolldown@1.0.2:
    dependencies:
      '@oxc-project/types': 0.132.0
      '@rolldown/pluginutils': 1.0.1
    optionalDependencies:
      '@rolldown/binding-android-arm64': 1.0.2
      '@rolldown/binding-darwin-arm64': 1.0.2
      '@rolldown/binding-darwin-x64': 1.0.2
      '@rolldown/binding-freebsd-x64': 1.0.2
      '@rolldown/binding-linux-arm-gnueabihf': 1.0.2
      '@rolldown/binding-linux-arm64-gnu': 1.0.2
      '@rolldown/binding-linux-arm64-musl': 1.0.2
      '@rolldown/binding-linux-ppc64-gnu': 1.0.2
      '@rolldown/binding-linux-s390x-gnu': 1.0.2
      '@rolldown/binding-linux-x64-gnu': 1.0.2
      '@rolldown/binding-linux-x64-musl': 1.0.2
      '@rolldown/binding-openharmony-arm64': 1.0.2
      '@rolldown/binding-wasm32-wasi': 1.0.2
      '@rolldown/binding-win32-arm64-msvc': 1.0.2
      '@rolldown/binding-win32-x64-msvc': 1.0.2

  scheduler@0.27.0: {}

  selderee@0.11.0:
    dependencies:
      parseley: 0.12.1

  siginfo@2.0.0: {}

  source-map-js@1.2.1: {}

  stackback@0.0.2: {}

  std-env@4.1.0: {}

  strnum@2.3.0: {}

  tinybench@2.9.0: {}

  tinyexec@1.2.2: {}

  tinyglobby@0.2.16:
    dependencies:
      fdir: 6.5.0(picomatch@4.0.4)
      picomatch: 4.0.4

  tinyrainbow@3.1.0: {}

  tslib@2.8.1: {}

  typescript@5.9.3: {}

  undici-types@6.21.0: {}

  vite@8.0.14(@types/node@22.19.19):
    dependencies:
      lightningcss: 1.32.0
      picomatch: 4.0.4
      postcss: 8.5.15
      rolldown: 1.0.2
      tinyglobby: 0.2.16
    optionalDependencies:
      '@types/node': 22.19.19
      fsevents: 2.3.3

  vitest@4.1.7(@types/node@22.19.19)(vite@8.0.14(@types/node@22.19.19)):
    dependencies:
      '@vitest/expect': 4.1.7
      '@vitest/mocker': 4.1.7(vite@8.0.14(@types/node@22.19.19))
      '@vitest/pretty-format': 4.1.7
      '@vitest/runner': 4.1.7
      '@vitest/snapshot': 4.1.7
      '@vitest/spy': 4.1.7
      '@vitest/utils': 4.1.7
      es-module-lexer: 2.1.0
      expect-type: 1.3.0
      magic-string: 0.30.21
      obug: 2.1.1
      pathe: 2.0.3
      picomatch: 4.0.4
      std-env: 4.1.0
      tinybench: 2.9.0
      tinyexec: 1.2.2
      tinyglobby: 0.2.16
      tinyrainbow: 3.1.0
      vite: 8.0.14(@types/node@22.19.19)
      why-is-node-running: 2.3.0
    optionalDependencies:
      '@types/node': 22.19.19
    transitivePeerDependencies:
      - msw

  why-is-node-running@2.3.0:
    dependencies:
      siginfo: 2.0.0
      stackback: 0.0.2

  xml-naming@0.1.0: {}
